
Microsoft Visual Studio Solution File, Format Version 12.00
# Visual Studio Version 17
VisualStudioVersion = 17.6.33829.357
MinimumVisualStudioVersion = 10.0.40219.1
Project("{2150E333-8FDC-42A3-9474-1A3956D46DE8}") = "SolutionItems", "SolutionItems", "{8D12EE10-2C0C-4B87-80B7-3F0171CA4B44}"
	ProjectSection(SolutionItems) = preProject
		docker-compose.yml = docker-compose.yml
		init.sql = init.sql
		mongo-init.js = mongo-init.js
	EndProjectSection
EndProject
Project("{9A19103F-16F7-4668-BE54-9A1E7A4F7556}") = "UserAccountService", "UserAccountService\UserAccountService.csproj", "{4471FFFB-44E1-43C5-A8D4-3DB87CB4940F}"
EndProject
Project("{9A19103F-16F7-4668-BE54-9A1E7A4F7556}") = "OcelotGateway", "OcelotGateway\OcelotGateway.csproj", "{D58286E6-A85E-48E2-A2A9-9D1B5C145863}"
EndProject
Project("{9A19103F-16F7-4668-BE54-9A1E7A4F7556}") = "ProfileService", "ProfileService\ProfileService.csproj", "{7F94FFC3-F366-4BF0-A395-26BC6B8DE5DE}"
EndProject
Project("{9A19103F-16F7-4668-BE54-9A1E7A4F7556}") = "PostingService", "PostingService\PostingService.csproj", "{E04AC984-E432-4404-B84E-EA1EF9221943}"
EndProject
Project("{9A19103F-16F7-4668-BE54-9A1E7A4F7556}") = "UserFriendsService", "UserFriendsService\UserFriendsService.csproj", "{51E6E8E2-A05B-446C-BCC9-4DBE31EB636C}"
EndProject
Project("{9A19103F-16F7-4668-BE54-9A1E7A4F7556}") = "NotificationService", "NotificationService\NotificationService.csproj", "{B1E11CB0-B00F-428A-B2BC-7CFE8BC9CF99}"
EndProject
Project("{9A19103F-16F7-4668-BE54-9A1E7A4F7556}") = "GrpcMongoPostingService", "GrpcMongoPostingService\GrpcMongoPostingService.csproj", "{EADFC1B5-6E35-48DF-8799-DF7FA8AB1E02}"
EndProject
Project("{9A19103F-16F7-4668-BE54-9A1E7A4F7556}") = "GrpcMongoFriendsService", "GrpcMongoFriendsService\GrpcMongoFriendsService.csproj", "{99254F89-9DB0-453F-A8B5-716DC5CCB51D}"
EndProject
Project("{9A19103F-16F7-4668-BE54-9A1E7A4F7556}") = "GrpcSqlUserService", "GrpcSqlUserService\GrpcSqlUserService.csproj", "{7142E705-3C19-41D2-8A26-97C91A0067A1}"
EndProject
Project("{9A19103F-16F7-4668-BE54-9A1E7A4F7556}") = "GrpcMongoProfileService", "GrpcMongoProfileService\GrpcMongoProfileService.csproj", "{D50DD835-90DA-4D42-99E9-A36C551EA9E1}"
EndProject
Project("{9A19103F-16F7-4668-BE54-9A1E7A4F7556}") = "MongoKafkaConsumerService", "MongoKafkaConsumerService\MongoKafkaConsumerService.csproj", "{8354896F-4AE3-43E2-9114-F2D2A315D4F5}"
EndProject
Project("{9A19103F-16F7-4668-BE54-9A1E7A4F7556}") = "SignalR", "SignalR\SignalR.csproj", "{A36B5DF6-CE64-466A-A6FB-6C747C7E38B5}"
EndProject
Project("{9A19103F-16F7-4668-BE54-9A1E7A4F7556}") = "GrpcMongoMessagingService", "GrpcMongoMessagingService\GrpcMongoMessagingService.csproj", "{8A61FB3E-E58D-454B-AD1B-F397AF799261}"
EndProject
Project("{9A19103F-16F7-4668-BE54-9A1E7A4F7556}") = "FriendsMudBlazorApp", "FriendsMudBlazorApp\FriendsMudBlazorApp.csproj", "{1D0209E1-9A2A-4AB8-9928-7E4083DF07A1}"
EndProject
Global
	GlobalSection(SolutionConfigurationPlatforms) = preSolution
		Debug|Any CPU = Debug|Any CPU
		Release|Any CPU = Release|Any CPU
	EndGlobalSection
	GlobalSection(ProjectConfigurationPlatforms) = postSolution
		{4471FFFB-44E1-43C5-A8D4-3DB87CB4940F}.Debug|Any CPU.ActiveCfg = Debug|Any CPU
		{4471FFFB-44E1-43C5-A8D4-3DB87CB4940F}.Debug|Any CPU.Build.0 = Debug|Any CPU
		{4471FFFB-44E1-43C5-A8D4-3DB87CB4940F}.Release|Any CPU.ActiveCfg = Release|Any CPU
		{4471FFFB-44E1-43C5-A8D4-3DB87CB4940F}.Release|Any CPU.Build.0 = Release|Any CPU
		{D58286E6-A85E-48E2-A2A9-9D1B5C145863}.Debug|Any CPU.ActiveCfg = Debug|Any CPU
		{D58286E6-A85E-48E2-A2A9-9D1B5C145863}.Debug|Any CPU.Build.0 = Debug|Any CPU
		{D58286E6-A85E-48E2-A2A9-9D1B5C145863}.Release|Any CPU.ActiveCfg = Release|Any CPU
		{D58286E6-A85E-48E2-A2A9-9D1B5C145863}.Release|Any CPU.Build.0 = Release|Any CPU
		{7F94FFC3-F366-4BF0-A395-26BC6B8DE5DE}.Debug|Any CPU.ActiveCfg = Debug|Any CPU
		{7F94FFC3-F366-4BF0-A395-26BC6B8DE5DE}.Debug|Any CPU.Build.0 = Debug|Any CPU
		{7F94FFC3-F366-4BF0-A395-26BC6B8DE5DE}.Release|Any CPU.ActiveCfg = Release|Any CPU
		{7F94FFC3-F366-4BF0-A395-26BC6B8DE5DE}.Release|Any CPU.Build.0 = Release|Any CPU
		{E04AC984-E432-4404-B84E-EA1EF9221943}.Debug|Any CPU.ActiveCfg = Debug|Any CPU
		{E04AC984-E432-4404-B84E-EA1EF9221943}.Debug|Any CPU.Build.0 = Debug|Any CPU
		{E04AC984-E432-4404-B84E-EA1EF9221943}.Release|Any CPU.ActiveCfg = Release|Any CPU
		{E04AC984-E432-4404-B84E-EA1EF9221943}.Release|Any CPU.Build.0 = Release|Any CPU
		{51E6E8E2-A05B-446C-BCC9-4DBE31EB636C}.Debug|Any CPU.ActiveCfg = Debug|Any CPU
		{51E6E8E2-A05B-446C-BCC9-4DBE31EB636C}.Debug|Any CPU.Build.0 = Debug|Any CPU
		{51E6E8E2-A05B-446C-BCC9-4DBE31EB636C}.Release|Any CPU.ActiveCfg = Release|Any CPU
		{51E6E8E2-A05B-446C-BCC9-4DBE31EB636C}.Release|Any CPU.Build.0 = Release|Any CPU
		{B1E11CB0-B00F-428A-B2BC-7CFE8BC9CF99}.Debug|Any CPU.ActiveCfg = Debug|Any CPU
		{B1E11CB0-B00F-428A-B2BC-7CFE8BC9CF99}.Debug|Any CPU.Build.0 = Debug|Any CPU
		{B1E11CB0-B00F-428A-B2BC-7CFE8BC9CF99}.Release|Any CPU.ActiveCfg = Release|Any CPU
		{B1E11CB0-B00F-428A-B2BC-7CFE8BC9CF99}.Release|Any CPU.Build.0 = Release|Any CPU
		{EADFC1B5-6E35-48DF-8799-DF7FA8AB1E02}.Debug|Any CPU.ActiveCfg = Debug|Any CPU
		{EADFC1B5-6E35-48DF-8799-DF7FA8AB1E02}.Debug|Any CPU.Build.0 = Debug|Any CPU
		{EADFC1B5-6E35-48DF-8799-DF7FA8AB1E02}.Release|Any CPU.ActiveCfg = Release|Any CPU
		{EADFC1B5-6E35-48DF-8799-DF7FA8AB1E02}.Release|Any CPU.Build.0 = Release|Any CPU
		{99254F89-9DB0-453F-A8B5-716DC5CCB51D}.Debug|Any CPU.ActiveCfg = Debug|Any CPU
		{99254F89-9DB0-453F-A8B5-716DC5CCB51D}.Debug|Any CPU.Build.0 = Debug|Any CPU
		{99254F89-9DB0-453F-A8B5-716DC5CCB51D}.Release|Any CPU.ActiveCfg = Release|Any CPU
		{99254F89-9DB0-453F-A8B5-716DC5CCB51D}.Release|Any CPU.Build.0 = Release|Any CPU
		{7142E705-3C19-41D2-8A26-97C91A0067A1}.Debug|Any CPU.ActiveCfg = Debug|Any CPU
		{7142E705-3C19-41D2-8A26-97C91A0067A1}.Debug|Any CPU.Build.0 = Debug|Any CPU
		{7142E705-3C19-41D2-8A26-97C91A0067A1}.Release|Any CPU.ActiveCfg = Release|Any CPU
		{7142E705-3C19-41D2-8A26-97C91A0067A1}.Release|Any CPU.Build.0 = Release|Any CPU
		{D50DD835-90DA-4D42-99E9-A36C551EA9E1}.Debug|Any CPU.ActiveCfg = Debug|Any CPU
		{D50DD835-90DA-4D42-99E9-A36C551EA9E1}.Debug|Any CPU.Build.0 = Debug|Any CPU
		{D50DD835-90DA-4D42-99E9-A36C551EA9E1}.Release|Any CPU.ActiveCfg = Release|Any CPU
		{D50DD835-90DA-4D42-99E9-A36C551EA9E1}.Release|Any CPU.Build.0 = Release|Any CPU
		{8354896F-4AE3-43E2-9114-F2D2A315D4F5}.Debug|Any CPU.ActiveCfg = Debug|Any CPU
		{8354896F-4AE3-43E2-9114-F2D2A315D4F5}.Debug|Any CPU.Build.0 = Debug|Any CPU
		{8354896F-4AE3-43E2-9114-F2D2A315D4F5}.Release|Any CPU.ActiveCfg = Release|Any CPU
		{8354896F-4AE3-43E2-9114-F2D2A315D4F5}.Release|Any CPU.Build.0 = Release|Any CPU
		{A36B5DF6-CE64-466A-A6FB-6C747C7E38B5}.Debug|Any CPU.ActiveCfg = Debug|Any CPU
		{A36B5DF6-CE64-466A-A6FB-6C747C7E38B5}.Debug|Any CPU.Build.0 = Debug|Any CPU
		{A36B5DF6-CE64-466A-A6FB-6C747C7E38B5}.Release|Any CPU.ActiveCfg = Release|Any CPU
		{A36B5DF6-CE64-466A-A6FB-6C747C7E38B5}.Release|Any CPU.Build.0 = Release|Any CPU
		{8A61FB3E-E58D-454B-AD1B-F397AF799261}.Debug|Any CPU.ActiveCfg = Debug|Any CPU
		{8A61FB3E-E58D-454B-AD1B-F397AF799261}.Debug|Any CPU.Build.0 = Debug|Any CPU
		{8A61FB3E-E58D-454B-AD1B-F397AF799261}.Release|Any CPU.ActiveCfg = Release|Any CPU
		{8A61FB3E-E58D-454B-AD1B-F397AF799261}.Release|Any CPU.Build.0 = Release|Any CPU
		{1D0209E1-9A2A-4AB8-9928-7E4083DF07A1}.Debug|Any CPU.ActiveCfg = Debug|Any CPU
		{1D0209E1-9A2A-4AB8-9928-7E4083DF07A1}.Debug|Any CPU.Build.0 = Debug|Any CPU
		{1D0209E1-9A2A-4AB8-9928-7E4083DF07A1}.Release|Any CPU.ActiveCfg = Release|Any CPU
		{1D0209E1-9A2A-4AB8-9928-7E4083DF07A1}.Release|Any CPU.Build.0 = Release|Any CPU
	EndGlobalSection
	GlobalSection(SolutionProperties) = preSolution
		HideSolutionNode = FALSE
	EndGlobalSection
	GlobalSection(ExtensibilityGlobals) = postSolution
		SolutionGuid = {436C1CCB-C980-4F45-9195-481F76C8D8D9}
	EndGlobalSection
EndGlobal
